// !$*UTF8*$!
{
	archiveVersion = 1;
	classes = {
	};
	objectVersion = 50;
	objects = {

/* Begin PBXBuildFile section */
		89043D9924F6BFE500DCC44C /* mvp.cpp in Sources */ = {isa = PBXBuildFile; fileRef = 89043D9724F6BFE500DCC44C /* mvp.cpp */; };
		893B28392509F08600EF3101 /* shader.cpp in Sources */ = {isa = PBXBuildFile; fileRef = 893B28372509F08600EF3101 /* shader.cpp */; };
		893B283B250A14AB00EF3101 /* geometry.cpp in Sources */ = {isa = PBXBuildFile; fileRef = 893B283A250A14AB00EF3101 /* geometry.cpp */; };
		893B283E250A172E00EF3101 /* program.cpp in Sources */ = {isa = PBXBuildFile; fileRef = 893B283C250A172E00EF3101 /* program.cpp */; };
		8951106324DF101D0035DEFD /* line.cpp in Sources */ = {isa = PBXBuildFile; fileRef = 8951106124DF101D0035DEFD /* line.cpp */; };
		8951DE8B24E9200300BA8A23 /* model.cpp in Sources */ = {isa = PBXBuildFile; fileRef = 8951DE8824E9200300BA8A23 /* model.cpp */; };
		8951DE9124EBBFE800BA8A23 /* triangle.cpp in Sources */ = {isa = PBXBuildFile; fileRef = 8951DE8F24EBBFE800BA8A23 /* triangle.cpp */; };
		896DEF2C24DD8EB200CA57CC /* main.cpp in Sources */ = {isa = PBXBuildFile; fileRef = 896DEF2B24DD8EB200CA57CC /* main.cpp */; };
		896DEF3524DD8F0E00CA57CC /* tgaimage.cpp in Sources */ = {isa = PBXBuildFile; fileRef = 896DEF3324DD8F0E00CA57CC /* tgaimage.cpp */; };
		897A0DEE2511B9FD001801F2 /* frameBuffer.cpp in Sources */ = {isa = PBXBuildFile; fileRef = 897A0DEC2511B9FD001801F2 /* frameBuffer.cpp */; };
		897A0DF02511BC52001801F2 /* macos.m in Sources */ = {isa = PBXBuildFile; fileRef = 897A0DEF2511BC52001801F2 /* macos.m */; };
		897A0DF92511BF19001801F2 /* private.c in Sources */ = {isa = PBXBuildFile; fileRef = 897A0DF52511BF19001801F2 /* private.c */; };
		897A0DFA2511BF19001801F2 /* image.c in Sources */ = {isa = PBXBuildFile; fileRef = 897A0DF82511BF19001801F2 /* image.c */; };
		897A0DFD2511BF5B001801F2 /* maths.c in Sources */ = {isa = PBXBuildFile; fileRef = 897A0DFB2511BF5B001801F2 /* maths.c */; };
		897A0E002511C737001801F2 /* AppKit.framework in Frameworks */ = {isa = PBXBuildFile; fileRef = 897A0DFF2511C737001801F2 /* AppKit.framework */; };
		897A0E032513022B001801F2 /* camera.cpp in Sources */ = {isa = PBXBuildFile; fileRef = 897A0E012513022B001801F2 /* camera.cpp */; };
/* End PBXBuildFile section */

/* Begin PBXCopyFilesBuildPhase section */
		896DEF2624DD8EB200CA57CC /* CopyFiles */ = {
			isa = PBXCopyFilesBuildPhase;
			buildActionMask = 2147483647;
			dstPath = /usr/share/man/man1/;
			dstSubfolderSpec = 0;
			files = (
			);
			runOnlyForDeploymentPostprocessing = 1;
		};
/* End PBXCopyFilesBuildPhase section */

/* Begin PBXFileReference section */
		89043D9724F6BFE500DCC44C /* mvp.cpp */ = {isa = PBXFileReference; lastKnownFileType = sourcecode.cpp.cpp; path = mvp.cpp; sourceTree = "<group>"; };
		89043D9824F6BFE500DCC44C /* mvp.hpp */ = {isa = PBXFileReference; lastKnownFileType = sourcecode.cpp.h; path = mvp.hpp; sourceTree = "<group>"; };
		893B28372509F08600EF3101 /* shader.cpp */ = {isa = PBXFileReference; lastKnownFileType = sourcecode.cpp.cpp; path = shader.cpp; sourceTree = "<group>"; };
		893B28382509F08600EF3101 /* shader.hpp */ = {isa = PBXFileReference; lastKnownFileType = sourcecode.cpp.h; path = shader.hpp; sourceTree = "<group>"; };
		893B283A250A14AB00EF3101 /* geometry.cpp */ = {isa = PBXFileReference; fileEncoding = 4; lastKnownFileType = sourcecode.cpp.cpp; path = geometry.cpp; sourceTree = "<group>"; };
		893B283C250A172E00EF3101 /* program.cpp */ = {isa = PBXFileReference; lastKnownFileType = sourcecode.cpp.cpp; path = program.cpp; sourceTree = "<group>"; };
		893B283D250A172E00EF3101 /* program.hpp */ = {isa = PBXFileReference; lastKnownFileType = sourcecode.cpp.h; path = program.hpp; sourceTree = "<group>"; };
		8951106124DF101D0035DEFD /* line.cpp */ = {isa = PBXFileReference; lastKnownFileType = sourcecode.cpp.cpp; path = line.cpp; sourceTree = "<group>"; };
		8951106224DF101D0035DEFD /* line.hpp */ = {isa = PBXFileReference; lastKnownFileType = sourcecode.cpp.h; path = line.hpp; sourceTree = "<group>"; };
		8951DE8624E9200300BA8A23 /* geometry.h */ = {isa = PBXFileReference; fileEncoding = 4; lastKnownFileType = sourcecode.c.h; path = geometry.h; sourceTree = "<group>"; };
		8951DE8724E9200300BA8A23 /* model.h */ = {isa = PBXFileReference; fileEncoding = 4; lastKnownFileType = sourcecode.c.h; path = model.h; sourceTree = "<group>"; };
		8951DE8824E9200300BA8A23 /* model.cpp */ = {isa = PBXFileReference; fileEncoding = 4; lastKnownFileType = sourcecode.cpp.cpp; path = model.cpp; sourceTree = "<group>"; };
		8951DE8A24E9200300BA8A23 /* african_head.obj */ = {isa = PBXFileReference; fileEncoding = 4; lastKnownFileType = text; path = african_head.obj; sourceTree = "<group>"; };
		8951DE8F24EBBFE800BA8A23 /* triangle.cpp */ = {isa = PBXFileReference; lastKnownFileType = sourcecode.cpp.cpp; path = triangle.cpp; sourceTree = "<group>"; };
		8951DE9024EBBFE800BA8A23 /* triangle.hpp */ = {isa = PBXFileReference; lastKnownFileType = sourcecode.cpp.h; path = triangle.hpp; sourceTree = "<group>"; };
		895670FC250881F60088FCF8 /* body_diffuse.tga */ = {isa = PBXFileReference; lastKnownFileType = file; path = body_diffuse.tga; sourceTree = "<group>"; };
		895670FD250881F60088FCF8 /* african_head_diffuse.tga */ = {isa = PBXFileReference; lastKnownFileType = file; path = african_head_diffuse.tga; sourceTree = "<group>"; };
		895670FE250881F60088FCF8 /* body.obj */ = {isa = PBXFileReference; fileEncoding = 4; lastKnownFileType = text; path = body.obj; sourceTree = "<group>"; };
		896DEF2824DD8EB200CA57CC /* tatarooRender */ = {isa = PBXFileReference; explicitFileType = "compiled.mach-o.executable"; includeInIndex = 0; path = tatarooRender; sourceTree = BUILT_PRODUCTS_DIR; };
		896DEF2B24DD8EB200CA57CC /* main.cpp */ = {isa = PBXFileReference; lastKnownFileType = sourcecode.cpp.cpp; path = main.cpp; sourceTree = "<group>"; };
		896DEF3324DD8F0E00CA57CC /* tgaimage.cpp */ = {isa = PBXFileReference; fileEncoding = 4; lastKnownFileType = sourcecode.cpp.cpp; path = tgaimage.cpp; sourceTree = "<group>"; };
		896DEF3424DD8F0E00CA57CC /* tgaimage.h */ = {isa = PBXFileReference; fileEncoding = 4; lastKnownFileType = sourcecode.c.h; path = tgaimage.h; sourceTree = "<group>"; };
		897A0DEC2511B9FD001801F2 /* frameBuffer.cpp */ = {isa = PBXFileReference; lastKnownFileType = sourcecode.cpp.cpp; path = frameBuffer.cpp; sourceTree = "<group>"; };
		897A0DED2511B9FD001801F2 /* frameBuffer.hpp */ = {isa = PBXFileReference; lastKnownFileType = sourcecode.cpp.h; path = frameBuffer.hpp; sourceTree = "<group>"; };
		897A0DEF2511BC52001801F2 /* macos.m */ = {isa = PBXFileReference; fileEncoding = 4; lastKnownFileType = sourcecode.c.objc; path = macos.m; sourceTree = "<group>"; };
		897A0DF32511BCDF001801F2 /* platform.h */ = {isa = PBXFileReference; fileEncoding = 4; lastKnownFileType = sourcecode.c.h; path = platform.h; sourceTree = "<group>"; };
		897A0DF42511BF19001801F2 /* private.h */ = {isa = PBXFileReference; fileEncoding = 4; lastKnownFileType = sourcecode.c.h; path = private.h; sourceTree = "<group>"; };
		897A0DF52511BF19001801F2 /* private.c */ = {isa = PBXFileReference; fileEncoding = 4; lastKnownFileType = sourcecode.c.c; path = private.c; sourceTree = "<group>"; };
		897A0DF62511BF19001801F2 /* macro.h */ = {isa = PBXFileReference; fileEncoding = 4; lastKnownFileType = sourcecode.c.h; path = macro.h; sourceTree = "<group>"; };
		897A0DF72511BF19001801F2 /* image.h */ = {isa = PBXFileReference; fileEncoding = 4; lastKnownFileType = sourcecode.c.h; path = image.h; sourceTree = "<group>"; };
		897A0DF82511BF19001801F2 /* image.c */ = {isa = PBXFileReference; fileEncoding = 4; lastKnownFileType = sourcecode.c.c; path = image.c; sourceTree = "<group>"; };
		897A0DFB2511BF5B001801F2 /* maths.c */ = {isa = PBXFileReference; fileEncoding = 4; lastKnownFileType = sourcecode.c.c; path = maths.c; sourceTree = "<group>"; };
		897A0DFC2511BF5B001801F2 /* maths.h */ = {isa = PBXFileReference; fileEncoding = 4; lastKnownFileType = sourcecode.c.h; path = maths.h; sourceTree = "<group>"; };
		897A0DFF2511C737001801F2 /* AppKit.framework */ = {isa = PBXFileReference; lastKnownFileType = wrapper.framework; name = AppKit.framework; path = System/Library/Frameworks/AppKit.framework; sourceTree = SDKROOT; };
		897A0E012513022B001801F2 /* camera.cpp */ = {isa = PBXFileReference; lastKnownFileType = sourcecode.cpp.cpp; path = camera.cpp; sourceTree = "<group>"; };
		897A0E022513022B001801F2 /* camera.hpp */ = {isa = PBXFileReference; lastKnownFileType = sourcecode.cpp.h; path = camera.hpp; sourceTree = "<group>"; };
		897A0E0425132D4D001801F2 /* appDef.h */ = {isa = PBXFileReference; lastKnownFileType = sourcecode.c.h; path = appDef.h; sourceTree = "<group>"; };
/* End PBXFileReference section */

/* Begin PBXFrameworksBuildPhase section */
		896DEF2524DD8EB200CA57CC /* Frameworks */ = {
			isa = PBXFrameworksBuildPhase;
			buildActionMask = 2147483647;
			files = (
				897A0E002511C737001801F2 /* AppKit.framework in Frameworks */,
			);
			runOnlyForDeploymentPostprocessing = 0;
		};
/* End PBXFrameworksBuildPhase section */

/* Begin PBXGroup section */
		8951DE8924E9200300BA8A23 /* obj */ = {
			isa = PBXGroup;
			children = (
				895670FD250881F60088FCF8 /* african_head_diffuse.tga */,
				895670FC250881F60088FCF8 /* body_diffuse.tga */,
				895670FE250881F60088FCF8 /* body.obj */,
				8951DE8A24E9200300BA8A23 /* african_head.obj */,
			);
			path = obj;
			sourceTree = "<group>";
		};
		896DEF1F24DD8EB200CA57CC = {
			isa = PBXGroup;
			children = (
				896DEF2A24DD8EB200CA57CC /* tatarooRender */,
				896DEF2924DD8EB200CA57CC /* Products */,
				897A0DFE2511C737001801F2 /* Frameworks */,
			);
			sourceTree = "<group>";
		};
		896DEF2924DD8EB200CA57CC /* Products */ = {
			isa = PBXGroup;
			children = (
				896DEF2824DD8EB200CA57CC /* tatarooRender */,
			);
			name = Products;
			sourceTree = "<group>";
		};
		896DEF2A24DD8EB200CA57CC /* tatarooRender */ = {
			isa = PBXGroup;
			children = (
				897A0DF22511BC89001801F2 /* core */,
				897A0DF12511BC5D001801F2 /* platforms */,
				893B283A250A14AB00EF3101 /* geometry.cpp */,
				8951DE8624E9200300BA8A23 /* geometry.h */,
				8951DE8824E9200300BA8A23 /* model.cpp */,
				8951DE8724E9200300BA8A23 /* model.h */,
				8951DE8924E9200300BA8A23 /* obj */,
				896DEF3324DD8F0E00CA57CC /* tgaimage.cpp */,
				896DEF3424DD8F0E00CA57CC /* tgaimage.h */,
				896DEF2B24DD8EB200CA57CC /* main.cpp */,
				8951106124DF101D0035DEFD /* line.cpp */,
				8951106224DF101D0035DEFD /* line.hpp */,
				8951DE8F24EBBFE800BA8A23 /* triangle.cpp */,
				8951DE9024EBBFE800BA8A23 /* triangle.hpp */,
				89043D9724F6BFE500DCC44C /* mvp.cpp */,
				89043D9824F6BFE500DCC44C /* mvp.hpp */,
				893B28372509F08600EF3101 /* shader.cpp */,
				893B28382509F08600EF3101 /* shader.hpp */,
				893B283C250A172E00EF3101 /* program.cpp */,
				893B283D250A172E00EF3101 /* program.hpp */,
				897A0DEC2511B9FD001801F2 /* frameBuffer.cpp */,
				897A0DED2511B9FD001801F2 /* frameBuffer.hpp */,
				897A0E012513022B001801F2 /* camera.cpp */,
				897A0E022513022B001801F2 /* camera.hpp */,
			);
			path = tatarooRender;
			sourceTree = "<group>";
		};
		897A0DF12511BC5D001801F2 /* platforms */ = {
			isa = PBXGroup;
			children = (
				897A0DEF2511BC52001801F2 /* macos.m */,
			);
			path = platforms;
			sourceTree = "<group>";
		};
		897A0DF22511BC89001801F2 /* core */ = {
			isa = PBXGroup;
			children = (
				897A0DFB2511BF5B001801F2 /* maths.c */,
				897A0DFC2511BF5B001801F2 /* maths.h */,
				897A0DF82511BF19001801F2 /* image.c */,
				897A0DF72511BF19001801F2 /* image.h */,
				897A0DF62511BF19001801F2 /* macro.h */,
				897A0DF52511BF19001801F2 /* private.c */,
				897A0DF42511BF19001801F2 /* private.h */,
				897A0DF32511BCDF001801F2 /* platform.h */,
				897A0E0425132D4D001801F2 /* appDef.h */,
			);
			path = core;
			sourceTree = "<group>";
		};
		897A0DFE2511C737001801F2 /* Frameworks */ = {
			isa = PBXGroup;
			children = (
				897A0DFF2511C737001801F2 /* AppKit.framework */,
			);
			name = Frameworks;
			sourceTree = "<group>";
		};
/* End PBXGroup section */

/* Begin PBXNativeTarget section */
		896DEF2724DD8EB200CA57CC /* tatarooRender */ = {
			isa = PBXNativeTarget;
			buildConfigurationList = 896DEF2F24DD8EB200CA57CC /* Build configuration list for PBXNativeTarget "tatarooRender" */;
			buildPhases = (
				896DEF2424DD8EB200CA57CC /* Sources */,
				896DEF2524DD8EB200CA57CC /* Frameworks */,
				896DEF2624DD8EB200CA57CC /* CopyFiles */,
			);
			buildRules = (
			);
			dependencies = (
			);
			name = tatarooRender;
			productName = tatarooRender;
			productReference = 896DEF2824DD8EB200CA57CC /* tatarooRender */;
			productType = "com.apple.product-type.tool";
		};
/* End PBXNativeTarget section */

/* Begin PBXProject section */
		896DEF2024DD8EB200CA57CC /* Project object */ = {
			isa = PBXProject;
			attributes = {
				LastUpgradeCheck = 1130;
				ORGANIZATIONNAME = "蒋睿";
				TargetAttributes = {
					896DEF2724DD8EB200CA57CC = {
						CreatedOnToolsVersion = 11.3;
					};
				};
			};
			buildConfigurationList = 896DEF2324DD8EB200CA57CC /* Build configuration list for PBXProject "tatarooRender" */;
			compatibilityVersion = "Xcode 9.3";
			developmentRegion = en;
			hasScannedForEncodings = 0;
			knownRegions = (
				en,
				Base,
			);
			mainGroup = 896DEF1F24DD8EB200CA57CC;
			productRefGroup = 896DEF2924DD8EB200CA57CC /* Products */;
			projectDirPath = "";
			projectRoot = "";
			targets = (
				896DEF2724DD8EB200CA57CC /* tatarooRender */,
			);
		};
/* End PBXProject section */

/* Begin PBXSourcesBuildPhase section */
		896DEF2424DD8EB200CA57CC /* Sources */ = {
			isa = PBXSourcesBuildPhase;
			buildActionMask = 2147483647;
			files = (
				893B28392509F08600EF3101 /* shader.cpp in Sources */,
				893B283E250A172E00EF3101 /* program.cpp in Sources */,
				893B283B250A14AB00EF3101 /* geometry.cpp in Sources */,
				897A0DFD2511BF5B001801F2 /* maths.c in Sources */,
				897A0E032513022B001801F2 /* camera.cpp in Sources */,
				897A0DEE2511B9FD001801F2 /* frameBuffer.cpp in Sources */,
				896DEF3524DD8F0E00CA57CC /* tgaimage.cpp in Sources */,
				897A0DF92511BF19001801F2 /* private.c in Sources */,
				896DEF2C24DD8EB200CA57CC /* main.cpp in Sources */,
				8951106324DF101D0035DEFD /* line.cpp in Sources */,
				897A0DF02511BC52001801F2 /* macos.m in Sources */,
				89043D9924F6BFE500DCC44C /* mvp.cpp in Sources */,
				897A0DFA2511BF19001801F2 /* image.c in Sources */,
				8951DE9124EBBFE800BA8A23 /* triangle.cpp in Sources */,
				8951DE8B24E9200300BA8A23 /* model.cpp in Sources */,
			);
			runOnlyForDeploymentPostprocessing = 0;
		};
/* End PBXSourcesBuildPhase section */

/* Begin XCBuildConfiguration section */
		896DEF2D24DD8EB200CA57CC /* Debug */ = {
			isa = XCBuildConfiguration;
			buildSettings = {
				ALWAYS_SEARCH_USER_PATHS = NO;
				CLANG_ANALYZER_NONNULL = YES;
				CLANG_ANALYZER_NUMBER_OBJECT_CONVERSION = YES_AGGRESSIVE;
				CLANG_CXX_LANGUAGE_STANDARD = "gnu++14";
				CLANG_CXX_LIBRARY = "libc++";
				CLANG_ENABLE_MODULES = YES;
				CLANG_ENABLE_OBJC_ARC = NO;
				CLANG_ENABLE_OBJC_WEAK = YES;
				CLANG_WARN_BLOCK_CAPTURE_AUTORELEASING = YES;
				CLANG_WARN_BOOL_CONVERSION = YES;
				CLANG_WARN_COMMA = YES;
				CLANG_WARN_CONSTANT_CONVERSION = YES;
				CLANG_WARN_DEPRECATED_OBJC_IMPLEMENTATIONS = YES;
				CLANG_WARN_DIRECT_OBJC_ISA_USAGE = YES_ERROR;
				CLANG_WARN_DOCUMENTATION_COMMENTS = YES;
				CLANG_WARN_EMPTY_BODY = YES;
				CLANG_WARN_ENUM_CONVERSION = YES;
				CLANG_WARN_INFINITE_RECURSION = YES;
				CLANG_WARN_INT_CONVERSION = YES;
				CLANG_WARN_NON_LITERAL_NULL_CONVERSION = YES;
				CLANG_WARN_OBJC_IMPLICIT_RETAIN_SELF = YES;
				CLANG_WARN_OBJC_LITERAL_CONVERSION = YES;
				CLANG_WARN_OBJC_ROOT_CLASS = YES_ERROR;
				CLANG_WARN_RANGE_LOOP_ANALYSIS = YES;
				CLANG_WARN_STRICT_PROTOTYPES = YES;
				CLANG_WARN_SUSPICIOUS_MOVE = YES;
				CLANG_WARN_UNGUARDED_AVAILABILITY = YES_AGGRESSIVE;
				CLANG_WARN_UNREACHABLE_CODE = YES;
				CLANG_WARN__DUPLICATE_METHOD_MATCH = YES;
				COPY_PHASE_STRIP = NO;
				DEBUG_INFORMATION_FORMAT = dwarf;
				ENABLE_STRICT_OBJC_MSGSEND = YES;
				ENABLE_TESTABILITY = YES;
				GCC_C_LANGUAGE_STANDARD = gnu11;
				GCC_DYNAMIC_NO_PIC = NO;
				GCC_NO_COMMON_BLOCKS = YES;
				GCC_OPTIMIZATION_LEVEL = 0;
				GCC_PREPROCESSOR_DEFINITIONS = (
					"DEBUG=1",
					"$(inherited)",
				);
				GCC_WARN_64_TO_32_BIT_CONVERSION = YES;
				GCC_WARN_ABOUT_RETURN_TYPE = YES_ERROR;
				GCC_WARN_UNDECLARED_SELECTOR = YES;
				GCC_WARN_UNINITIALIZED_AUTOS = YES_AGGRESSIVE;
				GCC_WARN_UNUSED_FUNCTION = YES;
				GCC_WARN_UNUSED_VARIABLE = YES;
				MACOSX_DEPLOYMENT_TARGET = 10.15;
				MTL_ENABLE_DEBUG_INFO = INCLUDE_SOURCE;
				MTL_FAST_MATH = YES;
				ONLY_ACTIVE_ARCH = YES;
				SDKROOT = macosx;
			};
			name = Debug;
		};
		896DEF2E24DD8EB200CA57CC /* Release */ = {
			isa = XCBuildConfiguration;
			buildSettings = {
				ALWAYS_SEARCH_USER_PATHS = NO;
				CLANG_ANALYZER_NONNULL = YES;
				CLANG_ANALYZER_NUMBER_OBJECT_CONVERSION = YES_AGGRESSIVE;
				CLANG_CXX_LANGUAGE_STANDARD = "gnu++14";
				CLANG_CXX_LIBRARY = "libc++";
				CLANG_ENABLE_MODULES = YES;
				CLANG_ENABLE_OBJC_ARC = NO;
				CLANG_ENABLE_OBJC_WEAK = YES;
				CLANG_WARN_BLOCK_CAPTURE_AUTORELEASING = YES;
				CLANG_WARN_BOOL_CONVERSION = YES;
				CLANG_WARN_COMMA = YES;
				CLANG_WARN_CONSTANT_CONVERSION = YES;
				CLANG_WARN_DEPRECATED_OBJC_IMPLEMENTATIONS = YES;
				CLANG_WARN_DIRECT_OBJC_ISA_USAGE = YES_ERROR;
				CLANG_WARN_DOCUMENTATION_COMMENTS = YES;
				CLANG_WARN_EMPTY_BODY = YES;
				CLANG_WARN_ENUM_CONVERSION = YES;
				CLANG_WARN_INFINITE_RECURSION = YES;
				CLANG_WARN_INT_CONVERSION = YES;
				CLANG_WARN_NON_LITERAL_NULL_CONVERSION = YES;
				CLANG_WARN_OBJC_IMPLICIT_RETAIN_SELF = YES;
				CLANG_WARN_OBJC_LITERAL_CONVERSION = YES;
				CLANG_WARN_OBJC_ROOT_CLASS = YES_ERROR;
				CLANG_WARN_RANGE_LOOP_ANALYSIS = YES;
				CLANG_WARN_STRICT_PROTOTYPES = YES;
				CLANG_WARN_SUSPICIOUS_MOVE = YES;
				CLANG_WARN_UNGUARDED_AVAILABILITY = YES_AGGRESSIVE;
				CLANG_WARN_UNREACHABLE_CODE = YES;
				CLANG_WARN__DUPLICATE_METHOD_MATCH = YES;
				COPY_PHASE_STRIP = NO;
				DEBUG_INFORMATION_FORMAT = "dwarf-with-dsym";
				ENABLE_NS_ASSERTIONS = NO;
				ENABLE_STRICT_OBJC_MSGSEND = YES;
				GCC_C_LANGUAGE_STANDARD = gnu11;
				GCC_NO_COMMON_BLOCKS = YES;
				GCC_WARN_64_TO_32_BIT_CONVERSION = YES;
				GCC_WARN_ABOUT_RETURN_TYPE = YES_ERROR;
				GCC_WARN_UNDECLARED_SELECTOR = YES;
				GCC_WARN_UNINITIALIZED_AUTOS = YES_AGGRESSIVE;
				GCC_WARN_UNUSED_FUNCTION = YES;
				GCC_WARN_UNUSED_VARIABLE = YES;
				MACOSX_DEPLOYMENT_TARGET = 10.15;
				MTL_ENABLE_DEBUG_INFO = NO;
				MTL_FAST_MATH = YES;
				SDKROOT = macosx;
			};
			name = Release;
		};
		896DEF3024DD8EB200CA57CC /* Debug */ = {
			isa = XCBuildConfiguration;
			buildSettings = {
				CODE_SIGN_STYLE = Automatic;
				GCC_INPUT_FILETYPE = sourcecode.cpp.objcpp;
				PRODUCT_NAME = "$(TARGET_NAME)";
			};
			name = Debug;
		};
		896DEF3124DD8EB200CA57CC /* Release */ = {
			isa = XCBuildConfiguration;
			buildSettings = {
				CODE_SIGN_STYLE = Automatic;
				GCC_INPUT_FILETYPE = sourcecode.cpp.objcpp;
				PRODUCT_NAME = "$(TARGET_NAME)";
			};
			name = Release;
		};
/* End XCBuildConfiguration section */

/* Begin XCConfigurationList section */
		896DEF2324DD8EB200CA57CC /* Build configuration list for PBXProject "tatarooRender" */ = {
			isa = XCConfigurationList;
			buildConfigurations = (
				896DEF2D24DD8EB200CA57CC /* Debug */,
				896DEF2E24DD8EB200CA57CC /* Release */,
			);
			defaultConfigurationIsVisible = 0;
			defaultConfigurationName = Release;
		};
		896DEF2F24DD8EB200CA57CC /* Build configuration list for PBXNativeTarget "tatarooRender" */ = {
			isa = XCConfigurationList;
			buildConfigurations = (
				896DEF3024DD8EB200CA57CC /* Debug */,
				896DEF3124DD8EB200CA57CC /* Release */,
			);
			defaultConfigurationIsVisible = 0;
			defaultConfigurationName = Release;
		};
/* End XCConfigurationList section */
	};
	rootObject = 896DEF2024DD8EB200CA57CC /* Project object */;
}
